
Microsoft Visual Studio Solution File, Format Version 12.00
# Visual Studio Version 17
VisualStudioVersion = 17.1.32228.430
MinimumVisualStudioVersion = 10.0.40219.1
Project("{FAE04EC0-301F-11D3-BF4B-00C04F79EFBC}") = "obiz_webcam", "obiz_webcam.csproj", "{33643DC8-32DB-45C9-9927-E6F8EBE8A13A}"
EndProject
Global
	GlobalSection(SolutionConfigurationPlatforms) = preSolution
		Debug|Any CPU = Debug|Any CPU
		Release|Any CPU = Release|Any CPU
	EndGlobalSection
	GlobalSection(ProjectConfigurationPlatforms) = postSolution
		{33643DC8-32DB-45C9-9927-E6F8EBE8A13A}.Debug|Any CPU.ActiveCfg = Debug|Any CPU
		{33643DC8-32DB-45C9-9927-E6F8EBE8A13A}.Debug|Any CPU.Build.0 = Debug|Any CPU
		{33643DC8-32DB-45C9-9927-E6F8EBE8A13A}.Release|Any CPU.ActiveCfg = Release|Any CPU
		{33643DC8-32DB-45C9-9927-E6F8EBE8A13A}.Release|Any CPU.Build.0 = Release|Any CPU
	EndGlobalSection
	GlobalSection(SolutionProperties) = preSolution
		HideSolutionNode = FALSE
	EndGlobalSection
	GlobalSection(ExtensibilityGlobals) = postSolution
		SolutionGuid = {411A0AE4-C22B-43F2-A400-43214E5B0B1C}
	EndGlobalSection
EndGlobal
